{
  "projects": [
    {
      "projectId": "aGwaDyFceaTJ7MmVgLqAKM",
      "version": "latest",
      "dependencies": {},
      "lang": "ts",
      "fileLocks": [
        {
          "type": "renderModule",
          "assetId": "D_09Wb5wA9",
          "checksum": "f3933213b334c173babf7c50e72426ec"
        },
        {
          "type": "cssRules",
          "assetId": "D_09Wb5wA9",
          "checksum": "f3933213b334c173babf7c50e72426ec"
        },
        {
          "type": "renderModule",
          "assetId": "Hrt-8c55kCA",
          "checksum": "fd112bcaa3a1c721e2348967f61e86d7"
        },
        {
          "type": "cssRules",
          "assetId": "Hrt-8c55kCA",
          "checksum": "fd112bcaa3a1c721e2348967f61e86d7"
        },
        {
          "type": "renderModule",
          "assetId": "72kuX7z4jE2",
          "checksum": "a566c6496f0cbd4e5f524d3ac033985a"
        },
        {
          "type": "cssRules",
          "assetId": "72kuX7z4jE2",
          "checksum": "a566c6496f0cbd4e5f524d3ac033985a"
        },
        {
          "type": "renderModule",
          "assetId": "v-yXxSNs9o0",
          "checksum": "d106a10e3a2945612fd6168802cb9786"
        },
        {
          "type": "cssRules",
          "assetId": "v-yXxSNs9o0",
          "checksum": "d106a10e3a2945612fd6168802cb9786"
        },
        {
          "type": "renderModule",
          "assetId": "dZQFlEuvgPR",
          "checksum": "9b8ae91ebc4279e033efa43f26c5b59f"
        },
        {
          "type": "cssRules",
          "assetId": "dZQFlEuvgPR",
          "checksum": "9b8ae91ebc4279e033efa43f26c5b59f"
        },
        {
          "type": "renderModule",
          "assetId": "pLxSxf-V2wL",
          "checksum": "636c108d291cd8e8ab513cae1f762b06"
        },
        {
          "type": "cssRules",
          "assetId": "pLxSxf-V2wL",
          "checksum": "636c108d291cd8e8ab513cae1f762b06"
        },
        {
          "type": "renderModule",
          "assetId": "uzKLlm8w4gA",
          "checksum": "8d27ed79f48f1e87507a30d81571bae6"
        },
        {
          "type": "cssRules",
          "assetId": "uzKLlm8w4gA",
          "checksum": "8d27ed79f48f1e87507a30d81571bae6"
        },
        {
          "type": "renderModule",
          "assetId": "Abg9jpf0kADO",
          "checksum": "b13a2b08ff326be26a82994a1d2daf40"
        },
        {
          "type": "cssRules",
          "assetId": "Abg9jpf0kADO",
          "checksum": "b13a2b08ff326be26a82994a1d2daf40"
        },
        {
          "type": "renderModule",
          "assetId": "P9Q8vZKxVZl4",
          "checksum": "7c62c6a86b21d68b5e98aa23ffc2f77e"
        },
        {
          "type": "cssRules",
          "assetId": "P9Q8vZKxVZl4",
          "checksum": "7c62c6a86b21d68b5e98aa23ffc2f77e"
        },
        {
          "type": "renderModule",
          "assetId": "VWLTdNIQLBao",
          "checksum": "82a9b74e74eb0119b97c23f4b96f47cd"
        },
        {
          "type": "cssRules",
          "assetId": "VWLTdNIQLBao",
          "checksum": "82a9b74e74eb0119b97c23f4b96f47cd"
        },
        {
          "type": "renderModule",
          "assetId": "VKWOfitnL5VD",
          "checksum": "aad24ff5a1554e07e29a773303fa7d5c"
        },
        {
          "type": "cssRules",
          "assetId": "VKWOfitnL5VD",
          "checksum": "aad24ff5a1554e07e29a773303fa7d5c"
        },
        {
          "type": "renderModule",
          "assetId": "quBP86QIw0hg",
          "checksum": "5f93e33cbde186ae8f788508c4ac1af6"
        },
        {
          "type": "cssRules",
          "assetId": "quBP86QIw0hg",
          "checksum": "5f93e33cbde186ae8f788508c4ac1af6"
        },
        {
          "type": "icon",
          "assetId": "aNRtnlYy42Id",
          "checksum": "1ac7611217a0e6c4927e763578c5078b"
        },
        {
          "type": "icon",
          "assetId": "KiiEUAU0_PJ_",
          "checksum": "5158a33ac32ecbe965ccbc2f53b22b2c"
        },
        {
          "type": "icon",
          "assetId": "ikNXI5MzGP8E",
          "checksum": "da615691d1b703bd1836c4fdd3c19726"
        },
        {
          "type": "icon",
          "assetId": "ZsbkirgRD0ll",
          "checksum": "dbf50f3940f9b19171b47b1057ed47fe"
        },
        {
          "type": "icon",
          "assetId": "-NPp1PMkI3Mu",
          "checksum": "b404b2203168252bb7d321a4f4557c20"
        },
        {
          "type": "icon",
          "assetId": "6s1jELwioiIP",
          "checksum": "8c4229658652748fe23c2214b48b9d58"
        },
        {
          "type": "icon",
          "assetId": "z0nK1hBoU9-T",
          "checksum": "59f627c578a0dd2b736ed12e4d0b5959"
        },
        {
          "type": "icon",
          "assetId": "RfsqmqGRFWpt",
          "checksum": "b65c878745aefcd03e9d33bf988befb9"
        },
        {
          "type": "image",
          "assetId": "p8mOmFlLn3Oz",
          "checksum": "a8c96315b6c88238c595e5550894a0d0"
        },
        {
          "type": "image",
          "assetId": "KIRidvlNnaog",
          "checksum": "211a739c88b4526dd7b7b66519a46816"
        },
        {
          "type": "image",
          "assetId": "f4lrRIkPUO8a",
          "checksum": "58c72aef4f3503bd1b5dcc25c5a88f40"
        },
        {
          "assetId": "aGwaDyFceaTJ7MmVgLqAKM",
          "type": "projectCss",
          "checksum": "923e6cdf555e78d3e491d87847bf3025"
        }
      ],
      "codegenVersion": "0.0.1"
    }
  ],
  "cliVersion": "0.1.170"
}
